
Microsoft Visual Studio Solution File, Format Version 12.00
# Visual Studio 2015
Project("{FAE04EC0-301F-11D3-BF4B-00C04F79EFBC}") = "memory game.CSharp", "memory game.CSharp.csproj", "{8971A61A-F013-5DE4-AF22-908F92C119EB}"
EndProject
Global
	GlobalSection(SolutionConfigurationPlatforms) = preSolution
		Debug|Any CPU = Debug|Any CPU
		Release|Any CPU = Release|Any CPU
	EndGlobalSection
	GlobalSection(ProjectConfigurationPlatforms) = postSolution
		{8971A61A-F013-5DE4-AF22-908F92C119EB}.Debug|Any CPU.ActiveCfg = Debug|Any CPU
		{8971A61A-F013-5DE4-AF22-908F92C119EB}.Debug|Any CPU.Build.0 = Debug|Any CPU
		{8971A61A-F013-5DE4-AF22-908F92C119EB}.Release|Any CPU.ActiveCfg = Release|Any CPU
		{8971A61A-F013-5DE4-AF22-908F92C119EB}.Release|Any CPU.Build.0 = Release|Any CPU
	EndGlobalSection
	GlobalSection(SolutionProperties) = preSolution
		HideSolutionNode = FALSE
	EndGlobalSection
EndGlobal
